<?xml version="1.0" encoding="utf-8"?>
<Project ToolsVersion="4.0" xmlns="http://schemas.microsoft.com/developer/msbuild/2003">
  <ItemGroup>
    <Filter Include="Source Files">
      <UniqueIdentifier>{4FC737F1-C7A5-4376-A066-2A32D752A2FF}</UniqueIdentifier>
      <Extensions>cpp;c;cc;cxx;c++;cppm;ixx;def;odl;idl;hpj;bat;asm;asmx</Extensions>
    </Filter>
    <Filter Include="Header Files">
      <UniqueIdentifier>{93995380-89BD-4b04-88EB-625FBE52EBFB}</UniqueIdentifier>
      <Extensions>h;hh;hpp;hxx;h++;hm;inl;inc;ipp;xsd</Extensions>
    </Filter>
    <Filter Include="Resource Files">
      <UniqueIdentifier>{67DA6AB6-F800-4c08-8B7A-83BB121AAD01}</UniqueIdentifier>
      <Extensions>rc;ico;cur;bmp;dlg;rc2;rct;bin;rgs;gif;jpg;jpeg;jpe;resx;tiff;tif;png;wav;mfcribbon-ms</Extensions>
    </Filter>
    <Filter Include="Shaders">
      <UniqueIdentifier>{2d3c7099-c519-435a-baf7-1a0cc94b12b7}</UniqueIdentifier>
    </Filter>
    <Filter Include="Header Files\Sound">
      <UniqueIdentifier>{aa686bdd-de31-4337-ae05-69a5b18b526e}</UniqueIdentifier>
    </Filter>
    <Filter Include="Header Files\Graphics">
      <UniqueIdentifier>{e2528757-e96f-4640-a451-f38b5d889544}</UniqueIdentifier>
    </Filter>
    <Filter Include="Source Files\Objects">
      <UniqueIdentifier>{ad10ab90-5f81-462b-8651-6eae6b3cbd99}</UniqueIdentifier>
    </Filter>
    <Filter Include="Source Files\Graphics">
      <UniqueIdentifier>{a3a53953-9a1d-4760-8759-739e8a029c79}</UniqueIdentifier>
    </Filter>
    <Filter Include="Source Files\Object inheritables">
      <UniqueIdentifier>{fe030fbf-a2a7-4562-804b-dd7998bdbe82}</UniqueIdentifier>
    </Filter>
    <Filter Include="Source Files\Timing/Events system">
      <UniqueIdentifier>{78dcad57-fe74-409e-b8b7-da90dcc192f5}</UniqueIdentifier>
    </Filter>
    <Filter Include="Source Files\Console">
      <UniqueIdentifier>{d3a0dc3b-3ce3-4b32-affa-7f8721234f02}</UniqueIdentifier>
    </Filter>
    <Filter Include="Source Files\Sound">
      <UniqueIdentifier>{f13e5070-a7c7-46f6-9a5f-4c55a69735bf}</UniqueIdentifier>
    </Filter>
    <Filter Include="Header Files\Object inheritabless">
      <UniqueIdentifier>{a4d0ba3d-fe4d-4d4b-b3d8-5beb17eafcd8}</UniqueIdentifier>
    </Filter>
    <Filter Include="Header Files\Console">
      <UniqueIdentifier>{a1d64a52-3397-4588-bb88-50bc6b8c4b01}</UniqueIdentifier>
    </Filter>
    <Filter Include="Header Files\Timing/Events system">
      <UniqueIdentifier>{3bb87f81-5309-4d79-bb59-16c642b0e98f}</UniqueIdentifier>
    </Filter>
    <Filter Include="Header Files\Objects">
      <UniqueIdentifier>{5af65086-8e1d-406d-b9c9-240b62f941b4}</UniqueIdentifier>
    </Filter>
    <Filter Include="Header Files\UI">
      <UniqueIdentifier>{d2c2cfd2-6e28-4c28-afdf-6257e1cc54a9}</UniqueIdentifier>
    </Filter>
    <Filter Include="Source Files\UI">
      <UniqueIdentifier>{d1a96d19-9aa9-41cf-b7f4-2d7818d3912d}</UniqueIdentifier>
    </Filter>
  </ItemGroup>
  <ItemGroup>
    <ClCompile Include="main.cpp">
      <Filter>Source Files</Filter>
    </ClCompile>
    <ClCompile Include="Game.cpp">
      <Filter>Source Files</Filter>
    </ClCompile>
    <ClCompile Include="InputManager.cpp">
      <Filter>Source Files</Filter>
    </ClCompile>
    <ClCompile Include="Camera.cpp">
      <Filter>Source Files</Filter>
    </ClCompile>
    <ClCompile Include="CollisionDetection.cpp">
      <Filter>Source Files</Filter>
    </ClCompile>
    <ClCompile Include="ObjectCollection.cpp">
      <Filter>Source Files</Filter>
    </ClCompile>
    <ClCompile Include="ControlSwitcher.cpp">
      <Filter>Source Files</Filter>
    </ClCompile>
    <ClCompile Include="Projectile.cpp">
      <Filter>Source Files</Filter>
    </ClCompile>
    <ClCompile Include="Action.cpp">
      <Filter>Source Files\Timing/Events system</Filter>
    </ClCompile>
    <ClCompile Include="AutoTurret.cpp">
      <Filter>Source Files\Objects</Filter>
    </ClCompile>
    <ClCompile Include="CommandExecuter.cpp">
      <Filter>Source Files\Console</Filter>
    </ClCompile>
    <ClCompile Include="Condition.cpp">
      <Filter>Source Files\Timing/Events system</Filter>
    </ClCompile>
    <ClCompile Include="Console.cpp">
      <Filter>Source Files\Console</Filter>
    </ClCompile>
    <ClCompile Include="Controllable.cpp">
      <Filter>Source Files\Object inheritables</Filter>
    </ClCompile>
    <ClCompile Include="Crate.cpp">
      <Filter>Source Files\Objects</Filter>
    </ClCompile>
    <ClCompile Include="Decoration.cpp">
      <Filter>Source Files\Objects</Filter>
    </ClCompile>
    <ClCompile Include="Enemy.cpp">
      <Filter>Source Files\Objects</Filter>
    </ClCompile>
    <ClCompile Include="EventLoader.cpp">
      <Filter>Source Files\Timing/Events system</Filter>
    </ClCompile>
    <ClCompile Include="Event.cpp">
      <Filter>Source Files\Timing/Events system</Filter>
    </ClCompile>
    <ClCompile Include="FootPrint.cpp">
      <Filter>Source Files\Objects</Filter>
    </ClCompile>
    <ClCompile Include="Graphics.cpp">
      <Filter>Source Files\Graphics</Filter>
    </ClCompile>
    <ClCompile Include="Living.cpp">
      <Filter>Source Files\Object inheritables</Filter>
    </ClCompile>
    <ClCompile Include="MainCharacter.cpp">
      <Filter>Source Files\Objects</Filter>
    </ClCompile>
    <ClCompile Include="MarketRelay.cpp">
      <Filter>Source Files\Objects</Filter>
    </ClCompile>
    <ClCompile Include="Object.cpp">
      <Filter>Source Files\Objects</Filter>
    </ClCompile>
    <ClCompile Include="Pickuper.cpp">
      <Filter>Source Files\Object inheritables</Filter>
    </ClCompile>
    <ClCompile Include="Wall.cpp">
      <Filter>Source Files\Objects</Filter>
    </ClCompile>
    <ClCompile Include="Timer.cpp">
      <Filter>Source Files\Timing/Events system</Filter>
    </ClCompile>
    <ClCompile Include="SnowSystem.cpp">
      <Filter>Source Files\Graphics</Filter>
    </ClCompile>
    <ClCompile Include="SoundPlayer.cpp">
      <Filter>Source Files\Sound</Filter>
    </ClCompile>
    <ClCompile Include="Sound.cpp">
      <Filter>Source Files\Sound</Filter>
    </ClCompile>
    <ClCompile Include="SpriteCollection.cpp">
      <Filter>Source Files\Graphics</Filter>
    </ClCompile>
    <ClCompile Include="SpriteSheet.cpp">
      <Filter>Source Files\Graphics</Filter>
    </ClCompile>
    <ClCompile Include="SpriteStack.cpp">
      <Filter>Source Files\Graphics</Filter>
    </ClCompile>
    <ClCompile Include="ScrapMetalPile.cpp">
      <Filter>Source Files\Objects</Filter>
    </ClCompile>
    <ClCompile Include="Relay.cpp">
      <Filter>Source Files\Objects</Filter>
    </ClCompile>
    <ClCompile Include="Rover.cpp">
      <Filter>Source Files\Objects</Filter>
    </ClCompile>
    <ClCompile Include="RoverTracks.cpp">
      <Filter>Source Files\Objects</Filter>
    </ClCompile>
    <ClCompile Include="ScrapMetalDrop.cpp">
      <Filter>Source Files\Objects</Filter>
    </ClCompile>
    <ClCompile Include="Jammer.cpp">
      <Filter>Source Files\Objects</Filter>
    </ClCompile>
    <ClCompile Include="DefenseOrb.cpp">
      <Filter>Source Files\Objects</Filter>
    </ClCompile>
    <ClCompile Include="Explosion.cpp">
      <Filter>Source Files\Objects</Filter>
    </ClCompile>
    <ClCompile Include="Smoke.cpp">
      <Filter>Source Files\Objects</Filter>
    </ClCompile>
    <ClCompile Include="Inventory.cpp">
      <Filter>Source Files</Filter>
    </ClCompile>
    <ClCompile Include="UIManager.cpp">
      <Filter>Source Files\UI</Filter>
    </ClCompile>
    <ClCompile Include="Builder.cpp">
      <Filter>Source Files</Filter>
    </ClCompile>
    <ClCompile Include="Button.cpp">
      <Filter>Source Files\UI</Filter>
    </ClCompile>
    <ClCompile Include="BuildDrone.cpp">
      <Filter>Source Files\Objects</Filter>
    </ClCompile>
    <ClCompile Include="Spark.cpp">
      <Filter>Source Files\Objects</Filter>
    </ClCompile>
    <ClCompile Include="Generator.cpp">
      <Filter>Source Files\Objects</Filter>
    </ClCompile>
    <ClCompile Include="EnemyBombRover.cpp">
      <Filter>Source Files\Objects</Filter>
    </ClCompile>
    <ClCompile Include="TeleporterPillar.cpp">
      <Filter>Source Files\Objects</Filter>
    </ClCompile>
    <ClCompile Include="Teleporter.cpp">
      <Filter>Source Files\Objects</Filter>
    </ClCompile>
  </ItemGroup>
  <ItemGroup>
    <ClInclude Include="Game.h">
      <Filter>Header Files</Filter>
    </ClInclude>
    <ClInclude Include="InputManager.h">
      <Filter>Header Files</Filter>
    </ClInclude>
    <ClInclude Include="Camera.h">
      <Filter>Header Files</Filter>
    </ClInclude>
    <ClInclude Include="BoundingBox.h">
      <Filter>Header Files</Filter>
    </ClInclude>
    <ClInclude Include="CollisionDetection.h">
      <Filter>Header Files</Filter>
    </ClInclude>
    <ClInclude Include="ObjectCollection.h">
      <Filter>Header Files</Filter>
    </ClInclude>
    <ClInclude Include="ControlSwitcher.h">
      <Filter>Header Files</Filter>
    </ClInclude>
    <ClInclude Include="Projectile.h">
      <Filter>Header Files</Filter>
    </ClInclude>
    <ClInclude Include="Sound.h">
      <Filter>Header Files\Sound</Filter>
    </ClInclude>
    <ClInclude Include="SoundPlayer.h">
      <Filter>Header Files\Sound</Filter>
    </ClInclude>
    <ClInclude Include="Timer.h">
      <Filter>Header Files\Object inheritabless</Filter>
    </ClInclude>
    <ClInclude Include="Graphics.h">
      <Filter>Header Files\Graphics</Filter>
    </ClInclude>
    <ClInclude Include="SpriteDraw.h">
      <Filter>Header Files\Graphics</Filter>
    </ClInclude>
    <ClInclude Include="SpriteSheet.h">
      <Filter>Header Files\Graphics</Filter>
    </ClInclude>
    <ClInclude Include="SpriteStack.h">
      <Filter>Header Files\Graphics</Filter>
    </ClInclude>
    <ClInclude Include="SpriteCollection.h">
      <Filter>Header Files\Graphics</Filter>
    </ClInclude>
    <ClInclude Include="SnowSystem.h">
      <Filter>Header Files\Graphics</Filter>
    </ClInclude>
    <ClInclude Include="Wall.h">
      <Filter>Header Files\Objects</Filter>
    </ClInclude>
    <ClInclude Include="Crate.h">
      <Filter>Header Files\Objects</Filter>
    </ClInclude>
    <ClInclude Include="Decoration.h">
      <Filter>Header Files\Objects</Filter>
    </ClInclude>
    <ClInclude Include="Enemy.h">
      <Filter>Header Files\Objects</Filter>
    </ClInclude>
    <ClInclude Include="FootPrint.h">
      <Filter>Header Files\Objects</Filter>
    </ClInclude>
    <ClInclude Include="MainCharacter.h">
      <Filter>Header Files\Objects</Filter>
    </ClInclude>
    <ClInclude Include="MarketRelay.h">
      <Filter>Header Files\Objects</Filter>
    </ClInclude>
    <ClInclude Include="Object.h">
      <Filter>Header Files\Objects</Filter>
    </ClInclude>
    <ClInclude Include="Relay.h">
      <Filter>Header Files\Objects</Filter>
    </ClInclude>
    <ClInclude Include="Rover.h">
      <Filter>Header Files\Objects</Filter>
    </ClInclude>
    <ClInclude Include="RoverTracks.h">
      <Filter>Header Files\Objects</Filter>
    </ClInclude>
    <ClInclude Include="ScrapMetalDrop.h">
      <Filter>Header Files\Objects</Filter>
    </ClInclude>
    <ClInclude Include="ScrapMetalPile.h">
      <Filter>Header Files\Objects</Filter>
    </ClInclude>
    <ClInclude Include="AutoTurret.h">
      <Filter>Header Files\Objects</Filter>
    </ClInclude>
    <ClInclude Include="Console.h">
      <Filter>Header Files\Console</Filter>
    </ClInclude>
    <ClInclude Include="CommandExecuter.h">
      <Filter>Header Files\Console</Filter>
    </ClInclude>
    <ClInclude Include="Living.h">
      <Filter>Header Files\Object inheritabless</Filter>
    </ClInclude>
    <ClInclude Include="Mineable.h">
      <Filter>Header Files\Object inheritabless</Filter>
    </ClInclude>
    <ClInclude Include="Miner.h">
      <Filter>Header Files\Object inheritabless</Filter>
    </ClInclude>
    <ClInclude Include="Pickuper.h">
      <Filter>Header Files\Object inheritabless</Filter>
    </ClInclude>
    <ClInclude Include="Action.h">
      <Filter>Header Files\Timing/Events system</Filter>
    </ClInclude>
    <ClInclude Include="Condition.h">
      <Filter>Header Files\Timing/Events system</Filter>
    </ClInclude>
    <ClInclude Include="Event.h">
      <Filter>Header Files\Timing/Events system</Filter>
    </ClInclude>
    <ClInclude Include="EventLoader.h">
      <Filter>Header Files\Timing/Events system</Filter>
    </ClInclude>
    <ClInclude Include="Controllable.h">
      <Filter>Header Files\Object inheritabless</Filter>
    </ClInclude>
    <ClInclude Include="Shader_Pipeline_Classes.h">
      <Filter>Header Files\Graphics</Filter>
    </ClInclude>
    <ClInclude Include="ShaderManager.h">
      <Filter>Header Files\Graphics</Filter>
    </ClInclude>
    <ClInclude Include="Jammer.h">
      <Filter>Header Files\Objects</Filter>
    </ClInclude>
    <ClInclude Include="DefenseOrb.h">
      <Filter>Header Files\Objects</Filter>
    </ClInclude>
    <ClInclude Include="Explosion.h">
      <Filter>Header Files\Objects</Filter>
    </ClInclude>
    <ClInclude Include="Smoke.h">
      <Filter>Header Files\Objects</Filter>
    </ClInclude>
    <ClInclude Include="Inventory.h">
      <Filter>Header Files</Filter>
    </ClInclude>
    <ClInclude Include="UIManager.h">
      <Filter>Header Files\UI</Filter>
    </ClInclude>
    <ClInclude Include="Button.h">
      <Filter>Header Files\UI</Filter>
    </ClInclude>
    <ClInclude Include="Builder.h">
      <Filter>Header Files</Filter>
    </ClInclude>
    <ClInclude Include="EventType.h">
      <Filter>Header Files\Timing/Events system</Filter>
    </ClInclude>
    <ClInclude Include="BuildDrone.h">
      <Filter>Header Files\Objects</Filter>
    </ClInclude>
    <ClInclude Include="Spark.h">
      <Filter>Header Files\Objects</Filter>
    </ClInclude>
    <ClInclude Include="Generator.h">
      <Filter>Header Files\Objects</Filter>
    </ClInclude>
    <ClInclude Include="EnemyBombRover.h">
      <Filter>Header Files\Objects</Filter>
    </ClInclude>
    <ClInclude Include="TeleporterPillar.h">
      <Filter>Header Files\Objects</Filter>
    </ClInclude>
    <ClInclude Include="Teleporter.h">
      <Filter>Header Files\Objects</Filter>
    </ClInclude>
  </ItemGroup>
  <ItemGroup>
    <None Include="shaders\lighting.frag">
      <Filter>Shaders</Filter>
    </None>
    <None Include="shaders\test.frag">
      <Filter>Shaders</Filter>
    </None>
    <None Include="shaders\test2.frag">
      <Filter>Shaders</Filter>
    </None>
    <None Include="shaders\blur_h.frag">
      <Filter>Shaders</Filter>
    </None>
    <None Include="shaders\blur_v.frag">
      <Filter>Shaders</Filter>
    </None>
    <None Include="shaders\blend.frag">
      <Filter>Shaders</Filter>
    </None>
    <None Include="shaders\colour.frag">
      <Filter>Shaders</Filter>
    </None>
    <None Include="shaders\bloom.frag">
      <Filter>Shaders</Filter>
    </None>
    <None Include="shaders\brightness_threshold.frag">
      <Filter>Shaders</Filter>
    </None>
    <None Include="shaders\bloom_v.frag">
      <Filter>Shaders</Filter>
    </None>
    <None Include="shaders\default.frag">
      <Filter>Shaders</Filter>
    </None>
    <None Include="shaders\noise.frag">
      <Filter>Shaders</Filter>
    </None>
  </ItemGroup>
</Project>