<?xml version="1.0" encoding="utf-8"?>
<Project ToolsVersion="4.0" xmlns="http://schemas.microsoft.com/developer/msbuild/2003">
  <ItemGroup>
    <Filter Include="Source Files">
      <UniqueIdentifier>{4FC737F1-C7A5-4376-A066-2A32D752A2FF}</UniqueIdentifier>
      <Extensions>cpp;c;cc;cxx;c++;cppm;ixx;def;odl;idl;hpj;bat;asm;asmx</Extensions>
    </Filter>
    <Filter Include="Header Files">
      <UniqueIdentifier>{93995380-89BD-4b04-88EB-625FBE52EBFB}</UniqueIdentifier>
      <Extensions>h;hh;hpp;hxx;h++;hm;inl;inc;ipp;xsd</Extensions>
    </Filter>
    <Filter Include="Resource Files">
      <UniqueIdentifier>{67DA6AB6-F800-4c08-8B7A-83BB121AAD01}</UniqueIdentifier>
      <Extensions>rc;ico;cur;bmp;dlg;rc2;rct;bin;rgs;gif;jpg;jpeg;jpe;resx;tiff;tif;png;wav;mfcribbon-ms</Extensions>
    </Filter>
    <Filter Include="Shaders">
      <UniqueIdentifier>{2d3c7099-c519-435a-baf7-1a0cc94b12b7}</UniqueIdentifier>
    </Filter>
  </ItemGroup>
  <ItemGroup>
    <ClCompile Include="main.cpp">
      <Filter>Source Files</Filter>
    </ClCompile>
    <ClCompile Include="Game.cpp">
      <Filter>Source Files</Filter>
    </ClCompile>
    <ClCompile Include="Graphics.cpp">
      <Filter>Source Files</Filter>
    </ClCompile>
    <ClCompile Include="InputManager.cpp">
      <Filter>Source Files</Filter>
    </ClCompile>
    <ClCompile Include="SpriteSheet.cpp">
      <Filter>Source Files</Filter>
    </ClCompile>
    <ClCompile Include="SpriteCollection.cpp">
      <Filter>Source Files</Filter>
    </ClCompile>
    <ClCompile Include="SoundPlayer.cpp">
      <Filter>Source Files</Filter>
    </ClCompile>
    <ClCompile Include="Sound.cpp">
      <Filter>Source Files</Filter>
    </ClCompile>
    <ClCompile Include="Camera.cpp">
      <Filter>Source Files</Filter>
    </ClCompile>
    <ClCompile Include="CollisionDetection.cpp">
      <Filter>Source Files</Filter>
    </ClCompile>
    <ClCompile Include="Image.cpp">
      <Filter>Source Files</Filter>
    </ClCompile>
    <ClCompile Include="Object.cpp">
      <Filter>Source Files</Filter>
    </ClCompile>
    <ClCompile Include="ObjectCollection.cpp">
      <Filter>Source Files</Filter>
    </ClCompile>
    <ClCompile Include="MainCharacter.cpp">
      <Filter>Source Files</Filter>
    </ClCompile>
    <ClCompile Include="Decoration.cpp">
      <Filter>Source Files</Filter>
    </ClCompile>
    <ClCompile Include="FootPrint.cpp">
      <Filter>Source Files</Filter>
    </ClCompile>
    <ClCompile Include="Console.cpp">
      <Filter>Source Files</Filter>
    </ClCompile>
    <ClCompile Include="CommandExecuter.cpp">
      <Filter>Source Files</Filter>
    </ClCompile>
    <ClCompile Include="Wall.cpp">
      <Filter>Source Files</Filter>
    </ClCompile>
    <ClCompile Include="Timer.cpp">
      <Filter>Source Files</Filter>
    </ClCompile>
    <ClCompile Include="Event.cpp">
      <Filter>Source Files</Filter>
    </ClCompile>
    <ClCompile Include="Condition.cpp">
      <Filter>Source Files</Filter>
    </ClCompile>
    <ClCompile Include="Action.cpp">
      <Filter>Source Files</Filter>
    </ClCompile>
    <ClCompile Include="EventLoader.cpp">
      <Filter>Source Files</Filter>
    </ClCompile>
    <ClCompile Include="Enemy.cpp">
      <Filter>Source Files</Filter>
    </ClCompile>
    <ClCompile Include="Living.cpp">
      <Filter>Source Files</Filter>
    </ClCompile>
    <ClCompile Include="SnowSystem.cpp">
      <Filter>Source Files</Filter>
    </ClCompile>
    <ClCompile Include="SpriteStack.cpp">
      <Filter>Source Files</Filter>
    </ClCompile>
    <ClCompile Include="Rover.cpp">
      <Filter>Source Files</Filter>
    </ClCompile>
    <ClCompile Include="Crate.cpp">
      <Filter>Source Files</Filter>
    </ClCompile>
    <ClCompile Include="Pickuper.cpp">
      <Filter>Source Files</Filter>
    </ClCompile>
    <ClCompile Include="RoverTracks.cpp">
      <Filter>Source Files</Filter>
    </ClCompile>
    <ClCompile Include="Relay.cpp">
      <Filter>Source Files</Filter>
    </ClCompile>
    <ClCompile Include="ControlSwitcher.cpp">
      <Filter>Source Files</Filter>
    </ClCompile>
    <ClCompile Include="Controllable.cpp">
      <Filter>Source Files</Filter>
    </ClCompile>
    <ClCompile Include="ScrapMetalPile.cpp">
      <Filter>Source Files</Filter>
    </ClCompile>
    <ClCompile Include="ScrapMetalDrop.cpp">
      <Filter>Source Files</Filter>
    </ClCompile>
    <ClCompile Include="MarketRelay.cpp">
      <Filter>Source Files</Filter>
    </ClCompile>
    <ClCompile Include="AutoTurret.cpp">
      <Filter>Source Files</Filter>
    </ClCompile>
    <ClCompile Include="Projectile.cpp">
      <Filter>Source Files</Filter>
    </ClCompile>
  </ItemGroup>
  <ItemGroup>
    <ClInclude Include="Graphics.h">
      <Filter>Header Files</Filter>
    </ClInclude>
    <ClInclude Include="Game.h">
      <Filter>Header Files</Filter>
    </ClInclude>
    <ClInclude Include="InputManager.h">
      <Filter>Header Files</Filter>
    </ClInclude>
    <ClInclude Include="SpriteSheet.h">
      <Filter>Header Files</Filter>
    </ClInclude>
    <ClInclude Include="SpriteCollection.h">
      <Filter>Header Files</Filter>
    </ClInclude>
    <ClInclude Include="SoundPlayer.h">
      <Filter>Header Files</Filter>
    </ClInclude>
    <ClInclude Include="Sound.h">
      <Filter>Header Files</Filter>
    </ClInclude>
    <ClInclude Include="Camera.h">
      <Filter>Header Files</Filter>
    </ClInclude>
    <ClInclude Include="BoundingBox.h">
      <Filter>Header Files</Filter>
    </ClInclude>
    <ClInclude Include="CollisionDetection.h">
      <Filter>Header Files</Filter>
    </ClInclude>
    <ClInclude Include="Image.h">
      <Filter>Header Files</Filter>
    </ClInclude>
    <ClInclude Include="Object.h">
      <Filter>Header Files</Filter>
    </ClInclude>
    <ClInclude Include="SpriteDraw.h">
      <Filter>Header Files</Filter>
    </ClInclude>
    <ClInclude Include="ObjectCollection.h">
      <Filter>Header Files</Filter>
    </ClInclude>
    <ClInclude Include="MainCharacter.h">
      <Filter>Header Files</Filter>
    </ClInclude>
    <ClInclude Include="Decoration.h">
      <Filter>Header Files</Filter>
    </ClInclude>
    <ClInclude Include="FootPrint.h">
      <Filter>Header Files</Filter>
    </ClInclude>
    <ClInclude Include="Console.h">
      <Filter>Header Files</Filter>
    </ClInclude>
    <ClInclude Include="CommandExecuter.h">
      <Filter>Header Files</Filter>
    </ClInclude>
    <ClInclude Include="Wall.h">
      <Filter>Header Files</Filter>
    </ClInclude>
    <ClInclude Include="Timer.h">
      <Filter>Header Files</Filter>
    </ClInclude>
    <ClInclude Include="Event.h">
      <Filter>Header Files</Filter>
    </ClInclude>
    <ClInclude Include="Condition.h">
      <Filter>Header Files</Filter>
    </ClInclude>
    <ClInclude Include="EventType.h">
      <Filter>Header Files</Filter>
    </ClInclude>
    <ClInclude Include="EventLoader.h">
      <Filter>Header Files</Filter>
    </ClInclude>
    <ClInclude Include="Action.h">
      <Filter>Header Files</Filter>
    </ClInclude>
    <ClInclude Include="Enemy.h">
      <Filter>Header Files</Filter>
    </ClInclude>
    <ClInclude Include="Living.h">
      <Filter>Header Files</Filter>
    </ClInclude>
    <ClInclude Include="SnowSystem.h">
      <Filter>Header Files</Filter>
    </ClInclude>
    <ClInclude Include="SpriteStack.h">
      <Filter>Header Files</Filter>
    </ClInclude>
    <ClInclude Include="Rover.h">
      <Filter>Header Files</Filter>
    </ClInclude>
    <ClInclude Include="Crate.h">
      <Filter>Header Files</Filter>
    </ClInclude>
    <ClInclude Include="Pickuper.h">
      <Filter>Header Files</Filter>
    </ClInclude>
    <ClInclude Include="RoverTracks.h">
      <Filter>Header Files</Filter>
    </ClInclude>
    <ClInclude Include="Relay.h">
      <Filter>Header Files</Filter>
    </ClInclude>
    <ClInclude Include="ControlSwitcher.h">
      <Filter>Header Files</Filter>
    </ClInclude>
    <ClInclude Include="Controllable.h">
      <Filter>Header Files</Filter>
    </ClInclude>
    <ClInclude Include="ScrapMetalPile.h">
      <Filter>Header Files</Filter>
    </ClInclude>
    <ClInclude Include="ScrapMetalDrop.h">
      <Filter>Header Files</Filter>
    </ClInclude>
    <ClInclude Include="Miner.h">
      <Filter>Header Files</Filter>
    </ClInclude>
    <ClInclude Include="Mineable.h">
      <Filter>Header Files</Filter>
    </ClInclude>
    <ClInclude Include="MarketRelay.h">
      <Filter>Header Files</Filter>
    </ClInclude>
    <ClInclude Include="AutoTurret.h">
      <Filter>Header Files</Filter>
    </ClInclude>
    <ClInclude Include="Projectile.h">
      <Filter>Header Files</Filter>
    </ClInclude>
  </ItemGroup>
  <ItemGroup>
    <None Include="shaders\shader1.frag">
      <Filter>Shaders</Filter>
    </None>
    <None Include="shaders\test.frag">
      <Filter>Shaders</Filter>
    </None>
    <None Include="shaders\test2.frag">
      <Filter>Shaders</Filter>
    </None>
    <None Include="shaders\blur_h.frag">
      <Filter>Shaders</Filter>
    </None>
    <None Include="shaders\blur_v.frag">
      <Filter>Shaders</Filter>
    </None>
    <None Include="shaders\blend.frag">
      <Filter>Shaders</Filter>
    </None>
  </ItemGroup>
</Project>